<?xml version="1.0" encoding="UTF-8" standalone="yes" ?>
<CodeBlocks_project_file>
	<FileVersion major="1" minor="6" />
	<Project>
		<Option title="chardev_test" />
		<Option pch_mode="2" />
		<Option compiler="gcc" />
		<Build>
			<Target title="Debug">
				<Option output="$(PROJECT_NAME)" prefix_auto="1" extension_auto="1" />
				<Option object_output="out/Debug/" />
				<Option type="1" />
				<Option compiler="gcc" />
			</Target>
		</Build>
		<Compiler>
			<Add option="-Wextra" />
			<Add option="-Wall" />
			<Add option="-g" />
			<Add option="-Werror" />
			<Add directory="/usr/local/include" />
			<Add directory="/usr/src/linux/include" />
			<Add directory="." />
		</Compiler>
		<Linker>
			<Add library="CppUTest" />
			<Add library="CppUTestExt" />
			<Add library="startstop/start.o" />
			<Add library="startstop/stop.o" />
			<Add library="stubs/kernel_stubs.o" />
		</Linker>
		<ExtraCommands>
			<Add before="cd stubs &amp;&amp; make &amp; cd .." />
			<Add before="cd chardev &amp;&amp; make &amp;&amp; cd .." />
			<Add after="./$(PROJECT_NAME)" />
			<Mode after="always" />
		</ExtraCommands>
		<Unit filename="README" />
		<Unit filename="chardev/Makefile" />
		<Unit filename="chardev/chardev.c">
			<Option compilerVar="CC" />
			<Option compile="0" />
			<Option link="0" />
		</Unit>
		<Unit filename="chardev/chardev.h" />
		<Unit filename="chardev_test.cpp" />
		<Unit filename="stubs/kernel_stubs.c">
			<Option compilerVar="CC" />
			<Option compile="0" />
			<Option link="0" />
		</Unit>
		<Unit filename="stubs/user_stubs.cpp" />
		<Unit filename="stubs/user_stubs.h" />
		<Extensions>
			<code_completion />
			<debugger />
			<envvars />
		</Extensions>
	</Project>
</CodeBlocks_project_file>
